
Microsoft Visual Studio Solution File, Format Version 12.00
# Visual Studio Version 16
VisualStudioVersion = 16.0.29806.167
MinimumVisualStudioVersion = 10.0.40219.1
Project("{FAE04EC0-301F-11D3-BF4B-00C04F79EFBC}") = "Sample.Android", "Sample\Sample.Android\Sample.Android.csproj", "{7D6FF2AC-4FE1-44B7-84BE-F79E38E74A64}"
EndProject
Project("{FAE04EC0-301F-11D3-BF4B-00C04F79EFBC}") = "Sample.iOS", "Sample\Sample.iOS\Sample.iOS.csproj", "{8C5B0F64-DD42-4A2D-83D2-49BE6F032140}"
EndProject
Project("{9A19103F-16F7-4668-BE54-9A1E7A4F7556}") = "Sample", "Sample\Sample\Sample.csproj", "{62C31157-E780-4629-BFDF-24861EBCC34F}"
EndProject
Project("{2150E333-8FDC-42A3-9474-1A3956D46DE8}") = "Solution Items", "Solution Items", "{80B3CD98-1A8C-42BC-B9FE-DE872E25D3F6}"
	ProjectSection(SolutionItems) = preProject
		.editorconfig = .editorconfig
	EndProjectSection
EndProject
Global
	GlobalSection(SolutionConfigurationPlatforms) = preSolution
		Debug|Any CPU = Debug|Any CPU
		Debug|iPhone = Debug|iPhone
		Debug|iPhoneSimulator = Debug|iPhoneSimulator
		Release|Any CPU = Release|Any CPU
		Release|iPhone = Release|iPhone
		Release|iPhoneSimulator = Release|iPhoneSimulator
	EndGlobalSection
	GlobalSection(ProjectConfigurationPlatforms) = postSolution
		{7D6FF2AC-4FE1-44B7-84BE-F79E38E74A64}.Debug|Any CPU.ActiveCfg = Debug|Any CPU
		{7D6FF2AC-4FE1-44B7-84BE-F79E38E74A64}.Debug|Any CPU.Build.0 = Debug|Any CPU
		{7D6FF2AC-4FE1-44B7-84BE-F79E38E74A64}.Debug|Any CPU.Deploy.0 = Debug|Any CPU
		{7D6FF2AC-4FE1-44B7-84BE-F79E38E74A64}.Debug|iPhone.ActiveCfg = Debug|Any CPU
		{7D6FF2AC-4FE1-44B7-84BE-F79E38E74A64}.Debug|iPhone.Build.0 = Debug|Any CPU
		{7D6FF2AC-4FE1-44B7-84BE-F79E38E74A64}.Debug|iPhone.Deploy.0 = Debug|Any CPU
		{7D6FF2AC-4FE1-44B7-84BE-F79E38E74A64}.Debug|iPhoneSimulator.ActiveCfg = Debug|Any CPU
		{7D6FF2AC-4FE1-44B7-84BE-F79E38E74A64}.Debug|iPhoneSimulator.Build.0 = Debug|Any CPU
		{7D6FF2AC-4FE1-44B7-84BE-F79E38E74A64}.Debug|iPhoneSimulator.Deploy.0 = Debug|Any CPU
		{7D6FF2AC-4FE1-44B7-84BE-F79E38E74A64}.Release|Any CPU.ActiveCfg = Release|Any CPU
		{7D6FF2AC-4FE1-44B7-84BE-F79E38E74A64}.Release|Any CPU.Build.0 = Release|Any CPU
		{7D6FF2AC-4FE1-44B7-84BE-F79E38E74A64}.Release|Any CPU.Deploy.0 = Release|Any CPU
		{7D6FF2AC-4FE1-44B7-84BE-F79E38E74A64}.Release|iPhone.ActiveCfg = Release|Any CPU
		{7D6FF2AC-4FE1-44B7-84BE-F79E38E74A64}.Release|iPhone.Build.0 = Release|Any CPU
		{7D6FF2AC-4FE1-44B7-84BE-F79E38E74A64}.Release|iPhone.Deploy.0 = Release|Any CPU
		{7D6FF2AC-4FE1-44B7-84BE-F79E38E74A64}.Release|iPhoneSimulator.ActiveCfg = Release|Any CPU
		{7D6FF2AC-4FE1-44B7-84BE-F79E38E74A64}.Release|iPhoneSimulator.Build.0 = Release|Any CPU
		{7D6FF2AC-4FE1-44B7-84BE-F79E38E74A64}.Release|iPhoneSimulator.Deploy.0 = Release|Any CPU
		{8C5B0F64-DD42-4A2D-83D2-49BE6F032140}.Debug|Any CPU.ActiveCfg = Debug|iPhoneSimulator
		{8C5B0F64-DD42-4A2D-83D2-49BE6F032140}.Debug|Any CPU.Build.0 = Debug|iPhoneSimulator
		{8C5B0F64-DD42-4A2D-83D2-49BE6F032140}.Debug|Any CPU.Deploy.0 = Debug|iPhoneSimulator
		{8C5B0F64-DD42-4A2D-83D2-49BE6F032140}.Debug|iPhone.ActiveCfg = Debug|iPhone
		{8C5B0F64-DD42-4A2D-83D2-49BE6F032140}.Debug|iPhone.Build.0 = Debug|iPhone
		{8C5B0F64-DD42-4A2D-83D2-49BE6F032140}.Debug|iPhone.Deploy.0 = Debug|iPhone
		{8C5B0F64-DD42-4A2D-83D2-49BE6F032140}.Debug|iPhoneSimulator.ActiveCfg = Debug|iPhoneSimulator
		{8C5B0F64-DD42-4A2D-83D2-49BE6F032140}.Debug|iPhoneSimulator.Build.0 = Debug|iPhoneSimulator
		{8C5B0F64-DD42-4A2D-83D2-49BE6F032140}.Debug|iPhoneSimulator.Deploy.0 = Debug|iPhoneSimulator
		{8C5B0F64-DD42-4A2D-83D2-49BE6F032140}.Release|Any CPU.ActiveCfg = Release|iPhone
		{8C5B0F64-DD42-4A2D-83D2-49BE6F032140}.Release|Any CPU.Build.0 = Release|iPhone
		{8C5B0F64-DD42-4A2D-83D2-49BE6F032140}.Release|Any CPU.Deploy.0 = Release|iPhone
		{8C5B0F64-DD42-4A2D-83D2-49BE6F032140}.Release|iPhone.ActiveCfg = Release|iPhone
		{8C5B0F64-DD42-4A2D-83D2-49BE6F032140}.Release|iPhone.Build.0 = Release|iPhone
		{8C5B0F64-DD42-4A2D-83D2-49BE6F032140}.Release|iPhone.Deploy.0 = Release|iPhone
		{8C5B0F64-DD42-4A2D-83D2-49BE6F032140}.Release|iPhoneSimulator.ActiveCfg = Release|iPhoneSimulator
		{8C5B0F64-DD42-4A2D-83D2-49BE6F032140}.Release|iPhoneSimulator.Build.0 = Release|iPhoneSimulator
		{8C5B0F64-DD42-4A2D-83D2-49BE6F032140}.Release|iPhoneSimulator.Deploy.0 = Release|iPhoneSimulator
		{62C31157-E780-4629-BFDF-24861EBCC34F}.Debug|Any CPU.ActiveCfg = Debug|Any CPU
		{62C31157-E780-4629-BFDF-24861EBCC34F}.Debug|Any CPU.Build.0 = Debug|Any CPU
		{62C31157-E780-4629-BFDF-24861EBCC34F}.Debug|Any CPU.Deploy.0 = Debug|Any CPU
		{62C31157-E780-4629-BFDF-24861EBCC34F}.Debug|iPhone.ActiveCfg = Debug|Any CPU
		{62C31157-E780-4629-BFDF-24861EBCC34F}.Debug|iPhone.Build.0 = Debug|Any CPU
		{62C31157-E780-4629-BFDF-24861EBCC34F}.Debug|iPhone.Deploy.0 = Debug|Any CPU
		{62C31157-E780-4629-BFDF-24861EBCC34F}.Debug|iPhoneSimulator.ActiveCfg = Debug|Any CPU
		{62C31157-E780-4629-BFDF-24861EBCC34F}.Debug|iPhoneSimulator.Build.0 = Debug|Any CPU
		{62C31157-E780-4629-BFDF-24861EBCC34F}.Debug|iPhoneSimulator.Deploy.0 = Debug|Any CPU
		{62C31157-E780-4629-BFDF-24861EBCC34F}.Release|Any CPU.ActiveCfg = Release|Any CPU
		{62C31157-E780-4629-BFDF-24861EBCC34F}.Release|Any CPU.Build.0 = Release|Any CPU
		{62C31157-E780-4629-BFDF-24861EBCC34F}.Release|Any CPU.Deploy.0 = Release|Any CPU
		{62C31157-E780-4629-BFDF-24861EBCC34F}.Release|iPhone.ActiveCfg = Release|Any CPU
		{62C31157-E780-4629-BFDF-24861EBCC34F}.Release|iPhone.Build.0 = Release|Any CPU
		{62C31157-E780-4629-BFDF-24861EBCC34F}.Release|iPhone.Deploy.0 = Release|Any CPU
		{62C31157-E780-4629-BFDF-24861EBCC34F}.Release|iPhoneSimulator.ActiveCfg = Release|Any CPU
		{62C31157-E780-4629-BFDF-24861EBCC34F}.Release|iPhoneSimulator.Build.0 = Release|Any CPU
		{62C31157-E780-4629-BFDF-24861EBCC34F}.Release|iPhoneSimulator.Deploy.0 = Release|Any CPU
	EndGlobalSection
	GlobalSection(SolutionProperties) = preSolution
		HideSolutionNode = FALSE
	EndGlobalSection
	GlobalSection(ExtensibilityGlobals) = postSolution
		SolutionGuid = {4DE00B5B-8AA8-41EC-9C6F-B5B1E4466A8A}
	EndGlobalSection
EndGlobal
